
Microsoft Visual Studio Solution File, Format Version 12.00
# Visual Studio Version 17
VisualStudioVersion = 17.12.35527.113 d17.12
MinimumVisualStudioVersion = 10.0.40219.1
Project("{FAE04EC0-301F-11D3-BF4B-00C04F79EFBC}") = "RestApp", "RestApp\RestApp.csproj", "{5BC3C0FC-E65D-42C8-AD7E-F8A88D8D3AC4}"
EndProject
Project("{FAE04EC0-301F-11D3-BF4B-00C04F79EFBC}") = "RestApp.Tests", "RestApp.Tests\RestApp.Tests.csproj", "{04108099-2B87-4D9D-8CA3-3C117459D5AD}"
EndProject
Global
	GlobalSection(SolutionConfigurationPlatforms) = preSolution
		Debug|Any CPU = Debug|Any CPU
		Release|Any CPU = Release|Any CPU
	EndGlobalSection
	GlobalSection(ProjectConfigurationPlatforms) = postSolution
		{5BC3C0FC-E65D-42C8-AD7E-F8A88D8D3AC4}.Debug|Any CPU.ActiveCfg = Debug|Any CPU
		{5BC3C0FC-E65D-42C8-AD7E-F8A88D8D3AC4}.Debug|Any CPU.Build.0 = Debug|Any CPU
		{5BC3C0FC-E65D-42C8-AD7E-F8A88D8D3AC4}.Release|Any CPU.ActiveCfg = Release|Any CPU
		{5BC3C0FC-E65D-42C8-AD7E-F8A88D8D3AC4}.Release|Any CPU.Build.0 = Release|Any CPU
		{04108099-2B87-4D9D-8CA3-3C117459D5AD}.Debug|Any CPU.ActiveCfg = Debug|Any CPU
		{04108099-2B87-4D9D-8CA3-3C117459D5AD}.Debug|Any CPU.Build.0 = Debug|Any CPU
		{04108099-2B87-4D9D-8CA3-3C117459D5AD}.Release|Any CPU.ActiveCfg = Release|Any CPU
		{04108099-2B87-4D9D-8CA3-3C117459D5AD}.Release|Any CPU.Build.0 = Release|Any CPU
	EndGlobalSection
	GlobalSection(SolutionProperties) = preSolution
		HideSolutionNode = FALSE
	EndGlobalSection
EndGlobal
